
Microsoft Visual Studio Solution File, Format Version 12.00
# Visual Studio Version 16
VisualStudioVersion = 16.0.30225.117
MinimumVisualStudioVersion = 10.0.40219.1
Project("{9A19103F-16F7-4668-BE54-9A1E7A4F7556}") = "TallerMecanica", "TallerMecanica\TallerMecanica.csproj", "{FB5582B8-0DBC-4495-AB42-E01D6C6F57D2}"
EndProject
Project("{9A19103F-16F7-4668-BE54-9A1E7A4F7556}") = "CapaDatos", "Data\CapaDatos.csproj", "{3F42844C-E20F-482C-9B12-03160DA9EA0D}"
EndProject
Project("{9A19103F-16F7-4668-BE54-9A1E7A4F7556}") = "CapaModelos", "CapaModelos\CapaModelos.csproj", "{9C75E653-D976-468A-A7FD-02015C62F81B}"
EndProject
Global
	GlobalSection(SolutionConfigurationPlatforms) = preSolution
		Debug|Any CPU = Debug|Any CPU
		Release|Any CPU = Release|Any CPU
	EndGlobalSection
	GlobalSection(ProjectConfigurationPlatforms) = postSolution
		{FB5582B8-0DBC-4495-AB42-E01D6C6F57D2}.Debug|Any CPU.ActiveCfg = Debug|Any CPU
		{FB5582B8-0DBC-4495-AB42-E01D6C6F57D2}.Debug|Any CPU.Build.0 = Debug|Any CPU
		{FB5582B8-0DBC-4495-AB42-E01D6C6F57D2}.Release|Any CPU.ActiveCfg = Release|Any CPU
		{FB5582B8-0DBC-4495-AB42-E01D6C6F57D2}.Release|Any CPU.Build.0 = Release|Any CPU
		{3F42844C-E20F-482C-9B12-03160DA9EA0D}.Debug|Any CPU.ActiveCfg = Debug|Any CPU
		{3F42844C-E20F-482C-9B12-03160DA9EA0D}.Debug|Any CPU.Build.0 = Debug|Any CPU
		{3F42844C-E20F-482C-9B12-03160DA9EA0D}.Release|Any CPU.ActiveCfg = Release|Any CPU
		{3F42844C-E20F-482C-9B12-03160DA9EA0D}.Release|Any CPU.Build.0 = Release|Any CPU
		{9C75E653-D976-468A-A7FD-02015C62F81B}.Debug|Any CPU.ActiveCfg = Debug|Any CPU
		{9C75E653-D976-468A-A7FD-02015C62F81B}.Debug|Any CPU.Build.0 = Debug|Any CPU
		{9C75E653-D976-468A-A7FD-02015C62F81B}.Release|Any CPU.ActiveCfg = Release|Any CPU
		{9C75E653-D976-468A-A7FD-02015C62F81B}.Release|Any CPU.Build.0 = Release|Any CPU
	EndGlobalSection
	GlobalSection(SolutionProperties) = preSolution
		HideSolutionNode = FALSE
	EndGlobalSection
	GlobalSection(ExtensibilityGlobals) = postSolution
		SolutionGuid = {AB0C4620-7A45-41C7-AD4A-6C3013C0A40A}
	EndGlobalSection
EndGlobal
